
Microsoft Visual Studio Solution File, Format Version 12.00
# Visual Studio Version 17
VisualStudioVersion = 17.10.35013.160
MinimumVisualStudioVersion = 10.0.40219.1
Project("{FAE04EC0-301F-11D3-BF4B-00C04F79EFBC}") = "Shopping.Client", "Shopping.Client\Shopping.Client.csproj", "{2729FCC6-5A84-42BA-A55F-DF58672DDA74}"
EndProject
Global
	GlobalSection(SolutionConfigurationPlatforms) = preSolution
		Debug|Any CPU = Debug|Any CPU
		Release|Any CPU = Release|Any CPU
	EndGlobalSection
	GlobalSection(ProjectConfigurationPlatforms) = postSolution
		{2729FCC6-5A84-42BA-A55F-DF58672DDA74}.Debug|Any CPU.ActiveCfg = Debug|Any CPU
		{2729FCC6-5A84-42BA-A55F-DF58672DDA74}.Debug|Any CPU.Build.0 = Debug|Any CPU
		{2729FCC6-5A84-42BA-A55F-DF58672DDA74}.Release|Any CPU.ActiveCfg = Release|Any CPU
		{2729FCC6-5A84-42BA-A55F-DF58672DDA74}.Release|Any CPU.Build.0 = Release|Any CPU
	EndGlobalSection
	GlobalSection(SolutionProperties) = preSolution
		HideSolutionNode = FALSE
	EndGlobalSection
	GlobalSection(ExtensibilityGlobals) = postSolution
		SolutionGuid = {4B1BA484-C707-48B4-8951-2B6DC85865E7}
	EndGlobalSection
EndGlobal
